// !$*UTF8*$!
{
	archiveVersion = 1;
	classes = {
	};
	objectVersion = 46;
	objects = {

/* Begin PBXBuildFile section */
		0183382615CD2289003095F5 /* ItemsViewerViewController.m in Sources */ = {isa = PBXBuildFile; fileRef = 0183382415CD2289003095F5 /* ItemsViewerViewController.m */; };
		0183382715CD2289003095F5 /* ItemsViewerViewController.xib in Resources */ = {isa = PBXBuildFile; fileRef = 0183382515CD2289003095F5 /* ItemsViewerViewController.xib */; };
		0183382B15CD2B3A003095F5 /* DemoItem.m in Sources */ = {isa = PBXBuildFile; fileRef = 0183382A15CD2B3A003095F5 /* DemoItem.m */; };
		0183388015CD6263003095F5 /* SenTestingKit.framework in Frameworks */ = {isa = PBXBuildFile; fileRef = 0183387F15CD6263003095F5 /* SenTestingKit.framework */; };
		0183388115CD6263003095F5 /* UIKit.framework in Frameworks */ = {isa = PBXBuildFile; fileRef = 01E0102615CC5E3A00B9AC9C /* UIKit.framework */; };
		0183388215CD6263003095F5 /* Foundation.framework in Frameworks */ = {isa = PBXBuildFile; fileRef = 01E0102815CC5E3A00B9AC9C /* Foundation.framework */; };
		0183388815CD6263003095F5 /* InfoPlist.strings in Resources */ = {isa = PBXBuildFile; fileRef = 0183388615CD6263003095F5 /* InfoPlist.strings */; };
		0183388B15CD6263003095F5 /* CalendarManagerTests.m in Sources */ = {isa = PBXBuildFile; fileRef = 0183388A15CD6263003095F5 /* CalendarManagerTests.m */; };
		0183389215CD6813003095F5 /* PQCalendarManager.m in Sources */ = {isa = PBXBuildFile; fileRef = 01E0104915CC5E8A00B9AC9C /* PQCalendarManager.m */; };
		0183389315CD6A96003095F5 /* EventKit.framework in Frameworks */ = {isa = PBXBuildFile; fileRef = 01E0104315CC5E4E00B9AC9C /* EventKit.framework */; };
		0183389415CD6AB9003095F5 /* EventKitUI.framework in Frameworks */ = {isa = PBXBuildFile; fileRef = 01E0104415CC5E4E00B9AC9C /* EventKitUI.framework */; };
		01876A65161EBD2E00C97126 /* Default-568h@2x.png in Resources */ = {isa = PBXBuildFile; fileRef = 01876A64161EBD2E00C97126 /* Default-568h@2x.png */; };
		01E0102715CC5E3A00B9AC9C /* UIKit.framework in Frameworks */ = {isa = PBXBuildFile; fileRef = 01E0102615CC5E3A00B9AC9C /* UIKit.framework */; };
		01E0102915CC5E3A00B9AC9C /* Foundation.framework in Frameworks */ = {isa = PBXBuildFile; fileRef = 01E0102815CC5E3A00B9AC9C /* Foundation.framework */; };
		01E0102B15CC5E3A00B9AC9C /* CoreGraphics.framework in Frameworks */ = {isa = PBXBuildFile; fileRef = 01E0102A15CC5E3A00B9AC9C /* CoreGraphics.framework */; };
		01E0103115CC5E3A00B9AC9C /* InfoPlist.strings in Resources */ = {isa = PBXBuildFile; fileRef = 01E0102F15CC5E3A00B9AC9C /* InfoPlist.strings */; };
		01E0103315CC5E3A00B9AC9C /* main.m in Sources */ = {isa = PBXBuildFile; fileRef = 01E0103215CC5E3A00B9AC9C /* main.m */; };
		01E0103715CC5E3A00B9AC9C /* AppDelegate.m in Sources */ = {isa = PBXBuildFile; fileRef = 01E0103615CC5E3A00B9AC9C /* AppDelegate.m */; };
		01E0103A15CC5E3A00B9AC9C /* ViewController.m in Sources */ = {isa = PBXBuildFile; fileRef = 01E0103915CC5E3A00B9AC9C /* ViewController.m */; };
		01E0103D15CC5E3A00B9AC9C /* ViewController.xib in Resources */ = {isa = PBXBuildFile; fileRef = 01E0103B15CC5E3A00B9AC9C /* ViewController.xib */; };
		01E0104515CC5E4E00B9AC9C /* EventKit.framework in Frameworks */ = {isa = PBXBuildFile; fileRef = 01E0104315CC5E4E00B9AC9C /* EventKit.framework */; };
		01E0104615CC5E4E00B9AC9C /* EventKitUI.framework in Frameworks */ = {isa = PBXBuildFile; fileRef = 01E0104415CC5E4E00B9AC9C /* EventKitUI.framework */; };
		01E0104A15CC5E8A00B9AC9C /* PQCalendarManager.m in Sources */ = {isa = PBXBuildFile; fileRef = 01E0104915CC5E8A00B9AC9C /* PQCalendarManager.m */; };
/* End PBXBuildFile section */

/* Begin PBXContainerItemProxy section */
		0183389015CD64D9003095F5 /* PBXContainerItemProxy */ = {
			isa = PBXContainerItemProxy;
			containerPortal = 01E0101915CC5E3A00B9AC9C /* Project object */;
			proxyType = 1;
			remoteGlobalIDString = 01E0102115CC5E3A00B9AC9C;
			remoteInfo = CalendarManager;
		};
/* End PBXContainerItemProxy section */

/* Begin PBXFileReference section */
		0183382315CD2289003095F5 /* ItemsViewerViewController.h */ = {isa = PBXFileReference; fileEncoding = 4; lastKnownFileType = sourcecode.c.h; path = ItemsViewerViewController.h; sourceTree = "<group>"; };
		0183382415CD2289003095F5 /* ItemsViewerViewController.m */ = {isa = PBXFileReference; fileEncoding = 4; lastKnownFileType = sourcecode.c.objc; path = ItemsViewerViewController.m; sourceTree = "<group>"; };
		0183382515CD2289003095F5 /* ItemsViewerViewController.xib */ = {isa = PBXFileReference; fileEncoding = 4; lastKnownFileType = file.xib; path = ItemsViewerViewController.xib; sourceTree = "<group>"; };
		0183382915CD2B3A003095F5 /* DemoItem.h */ = {isa = PBXFileReference; fileEncoding = 4; lastKnownFileType = sourcecode.c.h; path = DemoItem.h; sourceTree = "<group>"; };
		0183382A15CD2B3A003095F5 /* DemoItem.m */ = {isa = PBXFileReference; fileEncoding = 4; lastKnownFileType = sourcecode.c.objc; path = DemoItem.m; sourceTree = "<group>"; };
		0183387E15CD6263003095F5 /* CalendarManagerTests.octest */ = {isa = PBXFileReference; explicitFileType = wrapper.cfbundle; includeInIndex = 0; path = CalendarManagerTests.octest; sourceTree = BUILT_PRODUCTS_DIR; };
		0183387F15CD6263003095F5 /* SenTestingKit.framework */ = {isa = PBXFileReference; lastKnownFileType = wrapper.framework; name = SenTestingKit.framework; path = Library/Frameworks/SenTestingKit.framework; sourceTree = DEVELOPER_DIR; };
		0183388515CD6263003095F5 /* CalendarManagerTests-Info.plist */ = {isa = PBXFileReference; lastKnownFileType = text.plist.xml; path = "CalendarManagerTests-Info.plist"; sourceTree = "<group>"; };
		0183388715CD6263003095F5 /* en */ = {isa = PBXFileReference; lastKnownFileType = text.plist.strings; name = en; path = en.lproj/InfoPlist.strings; sourceTree = "<group>"; };
		0183388915CD6263003095F5 /* CalendarManagerTests.h */ = {isa = PBXFileReference; lastKnownFileType = sourcecode.c.h; path = CalendarManagerTests.h; sourceTree = "<group>"; };
		0183388A15CD6263003095F5 /* CalendarManagerTests.m */ = {isa = PBXFileReference; lastKnownFileType = sourcecode.c.objc; path = CalendarManagerTests.m; sourceTree = "<group>"; };
		0183388C15CD6263003095F5 /* CalendarManagerTests-Prefix.pch */ = {isa = PBXFileReference; lastKnownFileType = sourcecode.c.h; path = "CalendarManagerTests-Prefix.pch"; sourceTree = "<group>"; };
		0183389D15D02DFA003095F5 /* ReadMe.mdown */ = {isa = PBXFileReference; lastKnownFileType = text; path = ReadMe.mdown; sourceTree = "<group>"; };
		01876A64161EBD2E00C97126 /* Default-568h@2x.png */ = {isa = PBXFileReference; lastKnownFileType = image.png; name = "Default-568h@2x.png"; path = "../Default-568h@2x.png"; sourceTree = "<group>"; };
		01E0102215CC5E3A00B9AC9C /* CalendarManager.app */ = {isa = PBXFileReference; explicitFileType = wrapper.application; includeInIndex = 0; path = CalendarManager.app; sourceTree = BUILT_PRODUCTS_DIR; };
		01E0102615CC5E3A00B9AC9C /* UIKit.framework */ = {isa = PBXFileReference; lastKnownFileType = wrapper.framework; name = UIKit.framework; path = System/Library/Frameworks/UIKit.framework; sourceTree = SDKROOT; };
		01E0102815CC5E3A00B9AC9C /* Foundation.framework */ = {isa = PBXFileReference; lastKnownFileType = wrapper.framework; name = Foundation.framework; path = System/Library/Frameworks/Foundation.framework; sourceTree = SDKROOT; };
		01E0102A15CC5E3A00B9AC9C /* CoreGraphics.framework */ = {isa = PBXFileReference; lastKnownFileType = wrapper.framework; name = CoreGraphics.framework; path = System/Library/Frameworks/CoreGraphics.framework; sourceTree = SDKROOT; };
		01E0102E15CC5E3A00B9AC9C /* CalendarManager-Info.plist */ = {isa = PBXFileReference; lastKnownFileType = text.plist.xml; path = "CalendarManager-Info.plist"; sourceTree = "<group>"; };
		01E0103015CC5E3A00B9AC9C /* en */ = {isa = PBXFileReference; lastKnownFileType = text.plist.strings; name = en; path = en.lproj/InfoPlist.strings; sourceTree = "<group>"; };
		01E0103215CC5E3A00B9AC9C /* main.m */ = {isa = PBXFileReference; lastKnownFileType = sourcecode.c.objc; path = main.m; sourceTree = "<group>"; };
		01E0103415CC5E3A00B9AC9C /* CalendarManager-Prefix.pch */ = {isa = PBXFileReference; lastKnownFileType = sourcecode.c.h; path = "CalendarManager-Prefix.pch"; sourceTree = "<group>"; };
		01E0103515CC5E3A00B9AC9C /* AppDelegate.h */ = {isa = PBXFileReference; lastKnownFileType = sourcecode.c.h; path = AppDelegate.h; sourceTree = "<group>"; };
		01E0103615CC5E3A00B9AC9C /* AppDelegate.m */ = {isa = PBXFileReference; lastKnownFileType = sourcecode.c.objc; path = AppDelegate.m; sourceTree = "<group>"; };
		01E0103815CC5E3A00B9AC9C /* ViewController.h */ = {isa = PBXFileReference; lastKnownFileType = sourcecode.c.h; path = ViewController.h; sourceTree = "<group>"; };
		01E0103915CC5E3A00B9AC9C /* ViewController.m */ = {isa = PBXFileReference; lastKnownFileType = sourcecode.c.objc; path = ViewController.m; sourceTree = "<group>"; };
		01E0103C15CC5E3A00B9AC9C /* en */ = {isa = PBXFileReference; lastKnownFileType = file.xib; name = en; path = en.lproj/ViewController.xib; sourceTree = "<group>"; };
		01E0104315CC5E4E00B9AC9C /* EventKit.framework */ = {isa = PBXFileReference; lastKnownFileType = wrapper.framework; name = EventKit.framework; path = System/Library/Frameworks/EventKit.framework; sourceTree = SDKROOT; };
		01E0104415CC5E4E00B9AC9C /* EventKitUI.framework */ = {isa = PBXFileReference; lastKnownFileType = wrapper.framework; name = EventKitUI.framework; path = System/Library/Frameworks/EventKitUI.framework; sourceTree = SDKROOT; };
		01E0104815CC5E8A00B9AC9C /* PQCalendarManager.h */ = {isa = PBXFileReference; fileEncoding = 4; lastKnownFileType = sourcecode.c.h; path = PQCalendarManager.h; sourceTree = "<group>"; };
		01E0104915CC5E8A00B9AC9C /* PQCalendarManager.m */ = {isa = PBXFileReference; fileEncoding = 4; lastKnownFileType = sourcecode.c.objc; path = PQCalendarManager.m; sourceTree = "<group>"; };
/* End PBXFileReference section */

/* Begin PBXFrameworksBuildPhase section */
		0183387A15CD6263003095F5 /* Frameworks */ = {
			isa = PBXFrameworksBuildPhase;
			buildActionMask = 2147483647;
			files = (
				0183389415CD6AB9003095F5 /* EventKitUI.framework in Frameworks */,
				0183389315CD6A96003095F5 /* EventKit.framework in Frameworks */,
				0183388015CD6263003095F5 /* SenTestingKit.framework in Frameworks */,
				0183388115CD6263003095F5 /* UIKit.framework in Frameworks */,
				0183388215CD6263003095F5 /* Foundation.framework in Frameworks */,
			);
			runOnlyForDeploymentPostprocessing = 0;
		};
		01E0101F15CC5E3A00B9AC9C /* Frameworks */ = {
			isa = PBXFrameworksBuildPhase;
			buildActionMask = 2147483647;
			files = (
				01E0104515CC5E4E00B9AC9C /* EventKit.framework in Frameworks */,
				01E0104615CC5E4E00B9AC9C /* EventKitUI.framework in Frameworks */,
				01E0102715CC5E3A00B9AC9C /* UIKit.framework in Frameworks */,
				01E0102915CC5E3A00B9AC9C /* Foundation.framework in Frameworks */,
				01E0102B15CC5E3A00B9AC9C /* CoreGraphics.framework in Frameworks */,
			);
			runOnlyForDeploymentPostprocessing = 0;
		};
/* End PBXFrameworksBuildPhase section */

/* Begin PBXGroup section */
		0183388315CD6263003095F5 /* CalendarManagerTests */ = {
			isa = PBXGroup;
			children = (
				0183388915CD6263003095F5 /* CalendarManagerTests.h */,
				0183388A15CD6263003095F5 /* CalendarManagerTests.m */,
				0183388415CD6263003095F5 /* Supporting Files */,
			);
			path = CalendarManagerTests;
			sourceTree = "<group>";
		};
		0183388415CD6263003095F5 /* Supporting Files */ = {
			isa = PBXGroup;
			children = (
				0183388515CD6263003095F5 /* CalendarManagerTests-Info.plist */,
				0183388615CD6263003095F5 /* InfoPlist.strings */,
				0183388C15CD6263003095F5 /* CalendarManagerTests-Prefix.pch */,
			);
			name = "Supporting Files";
			sourceTree = "<group>";
		};
		01E0101715CC5E3A00B9AC9C = {
			isa = PBXGroup;
			children = (
				0183389D15D02DFA003095F5 /* ReadMe.mdown */,
				01E0102C15CC5E3A00B9AC9C /* CalendarManager */,
				0183388315CD6263003095F5 /* CalendarManagerTests */,
				01E0102515CC5E3A00B9AC9C /* Frameworks */,
				01E0102315CC5E3A00B9AC9C /* Products */,
			);
			sourceTree = "<group>";
		};
		01E0102315CC5E3A00B9AC9C /* Products */ = {
			isa = PBXGroup;
			children = (
				01E0102215CC5E3A00B9AC9C /* CalendarManager.app */,
				0183387E15CD6263003095F5 /* CalendarManagerTests.octest */,
			);
			name = Products;
			sourceTree = "<group>";
		};
		01E0102515CC5E3A00B9AC9C /* Frameworks */ = {
			isa = PBXGroup;
			children = (
				01E0104315CC5E4E00B9AC9C /* EventKit.framework */,
				01E0104415CC5E4E00B9AC9C /* EventKitUI.framework */,
				01E0102615CC5E3A00B9AC9C /* UIKit.framework */,
				01E0102815CC5E3A00B9AC9C /* Foundation.framework */,
				01E0102A15CC5E3A00B9AC9C /* CoreGraphics.framework */,
				0183387F15CD6263003095F5 /* SenTestingKit.framework */,
			);
			name = Frameworks;
			sourceTree = "<group>";
		};
		01E0102C15CC5E3A00B9AC9C /* CalendarManager */ = {
			isa = PBXGroup;
			children = (
				01E0104715CC5E8A00B9AC9C /* PQCalendarManager */,
				01E0103515CC5E3A00B9AC9C /* AppDelegate.h */,
				01E0103615CC5E3A00B9AC9C /* AppDelegate.m */,
				01E0103815CC5E3A00B9AC9C /* ViewController.h */,
				01E0103915CC5E3A00B9AC9C /* ViewController.m */,
				01E0103B15CC5E3A00B9AC9C /* ViewController.xib */,
				0183382315CD2289003095F5 /* ItemsViewerViewController.h */,
				0183382415CD2289003095F5 /* ItemsViewerViewController.m */,
				0183382515CD2289003095F5 /* ItemsViewerViewController.xib */,
				0183382915CD2B3A003095F5 /* DemoItem.h */,
				0183382A15CD2B3A003095F5 /* DemoItem.m */,
				01E0102D15CC5E3A00B9AC9C /* Supporting Files */,
			);
			path = CalendarManager;
			sourceTree = "<group>";
		};
		01E0102D15CC5E3A00B9AC9C /* Supporting Files */ = {
			isa = PBXGroup;
			children = (
				01876A64161EBD2E00C97126 /* Default-568h@2x.png */,
				01E0102E15CC5E3A00B9AC9C /* CalendarManager-Info.plist */,
				01E0102F15CC5E3A00B9AC9C /* InfoPlist.strings */,
				01E0103215CC5E3A00B9AC9C /* main.m */,
				01E0103415CC5E3A00B9AC9C /* CalendarManager-Prefix.pch */,
			);
			name = "Supporting Files";
			sourceTree = "<group>";
		};
		01E0104715CC5E8A00B9AC9C /* PQCalendarManager */ = {
			isa = PBXGroup;
			children = (
				01E0104815CC5E8A00B9AC9C /* PQCalendarManager.h */,
				01E0104915CC5E8A00B9AC9C /* PQCalendarManager.m */,
			);
			path = PQCalendarManager;
			sourceTree = "<group>";
		};
/* End PBXGroup section */

/* Begin PBXNativeTarget section */
		0183387D15CD6263003095F5 /* CalendarManagerTests */ = {
			isa = PBXNativeTarget;
			buildConfigurationList = 0183388D15CD6263003095F5 /* Build configuration list for PBXNativeTarget "CalendarManagerTests" */;
			buildPhases = (
				0183387915CD6263003095F5 /* Sources */,
				0183387A15CD6263003095F5 /* Frameworks */,
				0183387B15CD6263003095F5 /* Resources */,
				0183387C15CD6263003095F5 /* ShellScript */,
			);
			buildRules = (
			);
			dependencies = (
				0183389115CD64D9003095F5 /* PBXTargetDependency */,
			);
			name = CalendarManagerTests;
			productName = CalendarManagerTests;
			productReference = 0183387E15CD6263003095F5 /* CalendarManagerTests.octest */;
			productType = "com.apple.product-type.bundle";
		};
		01E0102115CC5E3A00B9AC9C /* CalendarManager */ = {
			isa = PBXNativeTarget;
			buildConfigurationList = 01E0104015CC5E3A00B9AC9C /* Build configuration list for PBXNativeTarget "CalendarManager" */;
			buildPhases = (
				01E0101E15CC5E3A00B9AC9C /* Sources */,
				01E0101F15CC5E3A00B9AC9C /* Frameworks */,
				01E0102015CC5E3A00B9AC9C /* Resources */,
			);
			buildRules = (
			);
			dependencies = (
			);
			name = CalendarManager;
			productName = CalendarManager;
			productReference = 01E0102215CC5E3A00B9AC9C /* CalendarManager.app */;
			productType = "com.apple.product-type.application";
		};
/* End PBXNativeTarget section */

/* Begin PBXProject section */
		01E0101915CC5E3A00B9AC9C /* Project object */ = {
			isa = PBXProject;
			attributes = {
				LastUpgradeCheck = 0440;
				ORGANIZATIONNAME = "Paolo Quadrani";
			};
			buildConfigurationList = 01E0101C15CC5E3A00B9AC9C /* Build configuration list for PBXProject "CalendarManager" */;
			compatibilityVersion = "Xcode 3.2";
			developmentRegion = English;
			hasScannedForEncodings = 0;
			knownRegions = (
				en,
			);
			mainGroup = 01E0101715CC5E3A00B9AC9C;
			productRefGroup = 01E0102315CC5E3A00B9AC9C /* Products */;
			projectDirPath = "";
			projectRoot = "";
			targets = (
				01E0102115CC5E3A00B9AC9C /* CalendarManager */,
				0183387D15CD6263003095F5 /* CalendarManagerTests */,
			);
		};
/* End PBXProject section */

/* Begin PBXResourcesBuildPhase section */
		0183387B15CD6263003095F5 /* Resources */ = {
			isa = PBXResourcesBuildPhase;
			buildActionMask = 2147483647;
			files = (
				0183388815CD6263003095F5 /* InfoPlist.strings in Resources */,
			);
			runOnlyForDeploymentPostprocessing = 0;
		};
		01E0102015CC5E3A00B9AC9C /* Resources */ = {
			isa = PBXResourcesBuildPhase;
			buildActionMask = 2147483647;
			files = (
				01E0103115CC5E3A00B9AC9C /* InfoPlist.strings in Resources */,
				01E0103D15CC5E3A00B9AC9C /* ViewController.xib in Resources */,
				0183382715CD2289003095F5 /* ItemsViewerViewController.xib in Resources */,
				01876A65161EBD2E00C97126 /* Default-568h@2x.png in Resources */,
			);
			runOnlyForDeploymentPostprocessing = 0;
		};
/* End PBXResourcesBuildPhase section */

/* Begin PBXShellScriptBuildPhase section */
		0183387C15CD6263003095F5 /* ShellScript */ = {
			isa = PBXShellScriptBuildPhase;
			buildActionMask = 2147483647;
			files = (
			);
			inputPaths = (
			);
			outputPaths = (
			);
			runOnlyForDeploymentPostprocessing = 0;
			shellPath = /bin/sh;
			shellScript = "# Run the unit tests in this test bundle.\n\"${SYSTEM_DEVELOPER_DIR}/Tools/RunUnitTests\"\n";
		};
/* End PBXShellScriptBuildPhase section */

/* Begin PBXSourcesBuildPhase section */
		0183387915CD6263003095F5 /* Sources */ = {
			isa = PBXSourcesBuildPhase;
			buildActionMask = 2147483647;
			files = (
				0183388B15CD6263003095F5 /* CalendarManagerTests.m in Sources */,
				0183389215CD6813003095F5 /* PQCalendarManager.m in Sources */,
			);
			runOnlyForDeploymentPostprocessing = 0;
		};
		01E0101E15CC5E3A00B9AC9C /* Sources */ = {
			isa = PBXSourcesBuildPhase;
			buildActionMask = 2147483647;
			files = (
				01E0103315CC5E3A00B9AC9C /* main.m in Sources */,
				01E0103715CC5E3A00B9AC9C /* AppDelegate.m in Sources */,
				01E0103A15CC5E3A00B9AC9C /* ViewController.m in Sources */,
				01E0104A15CC5E8A00B9AC9C /* PQCalendarManager.m in Sources */,
				0183382615CD2289003095F5 /* ItemsViewerViewController.m in Sources */,
				0183382B15CD2B3A003095F5 /* DemoItem.m in Sources */,
			);
			runOnlyForDeploymentPostprocessing = 0;
		};
/* End PBXSourcesBuildPhase section */

/* Begin PBXTargetDependency section */
		0183389115CD64D9003095F5 /* PBXTargetDependency */ = {
			isa = PBXTargetDependency;
			target = 01E0102115CC5E3A00B9AC9C /* CalendarManager */;
			targetProxy = 0183389015CD64D9003095F5 /* PBXContainerItemProxy */;
		};
/* End PBXTargetDependency section */

/* Begin PBXVariantGroup section */
		0183388615CD6263003095F5 /* InfoPlist.strings */ = {
			isa = PBXVariantGroup;
			children = (
				0183388715CD6263003095F5 /* en */,
			);
			name = InfoPlist.strings;
			sourceTree = "<group>";
		};
		01E0102F15CC5E3A00B9AC9C /* InfoPlist.strings */ = {
			isa = PBXVariantGroup;
			children = (
				01E0103015CC5E3A00B9AC9C /* en */,
			);
			name = InfoPlist.strings;
			sourceTree = "<group>";
		};
		01E0103B15CC5E3A00B9AC9C /* ViewController.xib */ = {
			isa = PBXVariantGroup;
			children = (
				01E0103C15CC5E3A00B9AC9C /* en */,
			);
			name = ViewController.xib;
			sourceTree = "<group>";
		};
/* End PBXVariantGroup section */

/* Begin XCBuildConfiguration section */
		0183388E15CD6263003095F5 /* Debug */ = {
			isa = XCBuildConfiguration;
			buildSettings = {
				FRAMEWORK_SEARCH_PATHS = (
					"\"$(SDKROOT)/Developer/Library/Frameworks\"",
					"\"$(DEVELOPER_LIBRARY_DIR)/Frameworks\"",
				);
				GCC_PRECOMPILE_PREFIX_HEADER = YES;
				GCC_PREFIX_HEADER = "CalendarManagerTests/CalendarManagerTests-Prefix.pch";
				INFOPLIST_FILE = "CalendarManagerTests/CalendarManagerTests-Info.plist";
				PRODUCT_NAME = "$(TARGET_NAME)";
				WRAPPER_EXTENSION = octest;
			};
			name = Debug;
		};
		0183388F15CD6263003095F5 /* Release */ = {
			isa = XCBuildConfiguration;
			buildSettings = {
				FRAMEWORK_SEARCH_PATHS = (
					"\"$(SDKROOT)/Developer/Library/Frameworks\"",
					"\"$(DEVELOPER_LIBRARY_DIR)/Frameworks\"",
				);
				GCC_PRECOMPILE_PREFIX_HEADER = YES;
				GCC_PREFIX_HEADER = "CalendarManagerTests/CalendarManagerTests-Prefix.pch";
				INFOPLIST_FILE = "CalendarManagerTests/CalendarManagerTests-Info.plist";
				PRODUCT_NAME = "$(TARGET_NAME)";
				WRAPPER_EXTENSION = octest;
			};
			name = Release;
		};
		01E0103E15CC5E3A00B9AC9C /* Debug */ = {
			isa = XCBuildConfiguration;
			buildSettings = {
				ALWAYS_SEARCH_USER_PATHS = NO;
				ARCHS = "$(ARCHS_STANDARD_32_BIT)";
				CLANG_CXX_LANGUAGE_STANDARD = "gnu++0x";
				CLANG_ENABLE_OBJC_ARC = YES;
				CLANG_WARN__DUPLICATE_METHOD_MATCH = YES;
				"CODE_SIGN_IDENTITY[sdk=iphoneos*]" = "iPhone Developer";
				COPY_PHASE_STRIP = NO;
				GCC_C_LANGUAGE_STANDARD = gnu99;
				GCC_DYNAMIC_NO_PIC = NO;
				GCC_OPTIMIZATION_LEVEL = 0;
				GCC_PREPROCESSOR_DEFINITIONS = (
					"DEBUG=1",
					"$(inherited)",
				);
				GCC_SYMBOLS_PRIVATE_EXTERN = NO;
				GCC_VERSION = com.apple.compilers.llvm.clang.1_0;
				GCC_WARN_ABOUT_RETURN_TYPE = YES;
				GCC_WARN_UNINITIALIZED_AUTOS = YES;
				GCC_WARN_UNUSED_VARIABLE = YES;
				IPHONEOS_DEPLOYMENT_TARGET = 5.1;
				SDKROOT = iphoneos;
			};
			name = Debug;
		};
		01E0103F15CC5E3A00B9AC9C /* Release */ = {
			isa = XCBuildConfiguration;
			buildSettings = {
				ALWAYS_SEARCH_USER_PATHS = NO;
				ARCHS = "$(ARCHS_STANDARD_32_BIT)";
				CLANG_CXX_LANGUAGE_STANDARD = "gnu++0x";
				CLANG_ENABLE_OBJC_ARC = YES;
				CLANG_WARN__DUPLICATE_METHOD_MATCH = YES;
				"CODE_SIGN_IDENTITY[sdk=iphoneos*]" = "iPhone Developer";
				COPY_PHASE_STRIP = YES;
				GCC_C_LANGUAGE_STANDARD = gnu99;
				GCC_VERSION = com.apple.compilers.llvm.clang.1_0;
				GCC_WARN_ABOUT_RETURN_TYPE = YES;
				GCC_WARN_UNINITIALIZED_AUTOS = YES;
				GCC_WARN_UNUSED_VARIABLE = YES;
				IPHONEOS_DEPLOYMENT_TARGET = 5.1;
				OTHER_CFLAGS = "-DNS_BLOCK_ASSERTIONS=1";
				SDKROOT = iphoneos;
				VALIDATE_PRODUCT = YES;
			};
			name = Release;
		};
		01E0104115CC5E3A00B9AC9C /* Debug */ = {
			isa = XCBuildConfiguration;
			buildSettings = {
				GCC_PRECOMPILE_PREFIX_HEADER = YES;
				GCC_PREFIX_HEADER = "CalendarManager/CalendarManager-Prefix.pch";
				INFOPLIST_FILE = "CalendarManager/CalendarManager-Info.plist";
				PRODUCT_NAME = "$(TARGET_NAME)";
				WRAPPER_EXTENSION = app;
			};
			name = Debug;
		};
		01E0104215CC5E3A00B9AC9C /* Release */ = {
			isa = XCBuildConfiguration;
			buildSettings = {
				GCC_PRECOMPILE_PREFIX_HEADER = YES;
				GCC_PREFIX_HEADER = "CalendarManager/CalendarManager-Prefix.pch";
				INFOPLIST_FILE = "CalendarManager/CalendarManager-Info.plist";
				PRODUCT_NAME = "$(TARGET_NAME)";
				WRAPPER_EXTENSION = app;
			};
			name = Release;
		};
/* End XCBuildConfiguration section */

/* Begin XCConfigurationList section */
		0183388D15CD6263003095F5 /* Build configuration list for PBXNativeTarget "CalendarManagerTests" */ = {
			isa = XCConfigurationList;
			buildConfigurations = (
				0183388E15CD6263003095F5 /* Debug */,
				0183388F15CD6263003095F5 /* Release */,
			);
			defaultConfigurationIsVisible = 0;
			defaultConfigurationName = Release;
		};
		01E0101C15CC5E3A00B9AC9C /* Build configuration list for PBXProject "CalendarManager" */ = {
			isa = XCConfigurationList;
			buildConfigurations = (
				01E0103E15CC5E3A00B9AC9C /* Debug */,
				01E0103F15CC5E3A00B9AC9C /* Release */,
			);
			defaultConfigurationIsVisible = 0;
			defaultConfigurationName = Release;
		};
		01E0104015CC5E3A00B9AC9C /* Build configuration list for PBXNativeTarget "CalendarManager" */ = {
			isa = XCConfigurationList;
			buildConfigurations = (
				01E0104115CC5E3A00B9AC9C /* Debug */,
				01E0104215CC5E3A00B9AC9C /* Release */,
			);
			defaultConfigurationIsVisible = 0;
			defaultConfigurationName = Release;
		};
/* End XCConfigurationList section */
	};
	rootObject = 01E0101915CC5E3A00B9AC9C /* Project object */;
}
